
Microsoft Visual Studio Solution File, Format Version 12.00
# Visual Studio 15
VisualStudioVersion = 15.0.26124.0
MinimumVisualStudioVersion = 15.0.26124.0
Project("{9A19103F-16F7-4668-BE54-9A1E7A4F7556}") = "API", "API\API.csproj", "{1B051AD6-E7D7-4E3D-AAD9-B9FAFF8607BF}"
EndProject
Project("{9A19103F-16F7-4668-BE54-9A1E7A4F7556}") = "Core", "COre\Core.csproj", "{AA3CAFF6-5151-4137-84D5-64ACDF11AD90}"
EndProject
Project("{9A19103F-16F7-4668-BE54-9A1E7A4F7556}") = "InfraStructure", "InfraStructure\InfraStructure.csproj", "{7C4FE403-B68A-40A0-9FAB-C2228E905D3B}"
EndProject
Project("{FAE04EC0-301F-11D3-BF4B-00C04F79EFBC}") = "PerformanceAndLoadTest", "PerformanceAndLoadTest\PerformanceAndLoadTest.csproj", "{DE13819A-F195-4346-9AAF-11C913734129}"
EndProject
Project("{2150E333-8FDC-42A3-9474-1A3956D46DE8}") = "Solution Items", "Solution Items", "{7507EE9C-C8B5-4A69-900A-29AED1687CF3}"
	ProjectSection(SolutionItems) = preProject
		Local.testsettings = Local.testsettings
	EndProjectSection
EndProject
Global
	GlobalSection(SolutionConfigurationPlatforms) = preSolution
		Debug|Any CPU = Debug|Any CPU
		Debug|x64 = Debug|x64
		Debug|x86 = Debug|x86
		Release|Any CPU = Release|Any CPU
		Release|x64 = Release|x64
		Release|x86 = Release|x86
	EndGlobalSection 
	GlobalSection(ProjectConfigurationPlatforms) = postSolution
		{1B051AD6-E7D7-4E3D-AAD9-B9FAFF8607BF}.Debug|Any CPU.ActiveCfg = Debug|Any CPU
		{1B051AD6-E7D7-4E3D-AAD9-B9FAFF8607BF}.Debug|Any CPU.Build.0 = Debug|Any CPU
		{1B051AD6-E7D7-4E3D-AAD9-B9FAFF8607BF}.Debug|x64.ActiveCfg = Debug|Any CPU
		{1B051AD6-E7D7-4E3D-AAD9-B9FAFF8607BF}.Debug|x64.Build.0 = Debug|Any CPU
		{1B051AD6-E7D7-4E3D-AAD9-B9FAFF8607BF}.Debug|x86.ActiveCfg = Debug|Any CPU
		{1B051AD6-E7D7-4E3D-AAD9-B9FAFF8607BF}.Debug|x86.Build.0 = Debug|Any CPU
		{1B051AD6-E7D7-4E3D-AAD9-B9FAFF8607BF}.Release|Any CPU.ActiveCfg = Release|Any CPU
		{1B051AD6-E7D7-4E3D-AAD9-B9FAFF8607BF}.Release|Any CPU.Build.0 = Release|Any CPU
		{1B051AD6-E7D7-4E3D-AAD9-B9FAFF8607BF}.Release|x64.ActiveCfg = Release|Any CPU
		{1B051AD6-E7D7-4E3D-AAD9-B9FAFF8607BF}.Release|x64.Build.0 = Release|Any CPU
		{1B051AD6-E7D7-4E3D-AAD9-B9FAFF8607BF}.Release|x86.ActiveCfg = Release|Any CPU
		{1B051AD6-E7D7-4E3D-AAD9-B9FAFF8607BF}.Release|x86.Build.0 = Release|Any CPU
		{AA3CAFF6-5151-4137-84D5-64ACDF11AD90}.Debug|Any CPU.ActiveCfg = Debug|Any CPU
		{AA3CAFF6-5151-4137-84D5-64ACDF11AD90}.Debug|Any CPU.Build.0 = Debug|Any CPU
		{AA3CAFF6-5151-4137-84D5-64ACDF11AD90}.Debug|x64.ActiveCfg = Debug|Any CPU
		{AA3CAFF6-5151-4137-84D5-64ACDF11AD90}.Debug|x64.Build.0 = Debug|Any CPU
		{AA3CAFF6-5151-4137-84D5-64ACDF11AD90}.Debug|x86.ActiveCfg = Debug|Any CPU
		{AA3CAFF6-5151-4137-84D5-64ACDF11AD90}.Debug|x86.Build.0 = Debug|Any CPU
		{AA3CAFF6-5151-4137-84D5-64ACDF11AD90}.Release|Any CPU.ActiveCfg = Release|Any CPU
		{AA3CAFF6-5151-4137-84D5-64ACDF11AD90}.Release|Any CPU.Build.0 = Release|Any CPU
		{AA3CAFF6-5151-4137-84D5-64ACDF11AD90}.Release|x64.ActiveCfg = Release|Any CPU
		{AA3CAFF6-5151-4137-84D5-64ACDF11AD90}.Release|x64.Build.0 = Release|Any CPU
		{AA3CAFF6-5151-4137-84D5-64ACDF11AD90}.Release|x86.ActiveCfg = Release|Any CPU
		{AA3CAFF6-5151-4137-84D5-64ACDF11AD90}.Release|x86.Build.0 = Release|Any CPU
		{7C4FE403-B68A-40A0-9FAB-C2228E905D3B}.Debug|Any CPU.ActiveCfg = Debug|Any CPU
		{7C4FE403-B68A-40A0-9FAB-C2228E905D3B}.Debug|Any CPU.Build.0 = Debug|Any CPU
		{7C4FE403-B68A-40A0-9FAB-C2228E905D3B}.Debug|x64.ActiveCfg = Debug|Any CPU
		{7C4FE403-B68A-40A0-9FAB-C2228E905D3B}.Debug|x64.Build.0 = Debug|Any CPU
		{7C4FE403-B68A-40A0-9FAB-C2228E905D3B}.Debug|x86.ActiveCfg = Debug|Any CPU
		{7C4FE403-B68A-40A0-9FAB-C2228E905D3B}.Debug|x86.Build.0 = Debug|Any CPU
		{7C4FE403-B68A-40A0-9FAB-C2228E905D3B}.Release|Any CPU.ActiveCfg = Release|Any CPU
		{7C4FE403-B68A-40A0-9FAB-C2228E905D3B}.Release|Any CPU.Build.0 = Release|Any CPU
		{7C4FE403-B68A-40A0-9FAB-C2228E905D3B}.Release|x64.ActiveCfg = Release|Any CPU
		{7C4FE403-B68A-40A0-9FAB-C2228E905D3B}.Release|x64.Build.0 = Release|Any CPU
		{7C4FE403-B68A-40A0-9FAB-C2228E905D3B}.Release|x86.ActiveCfg = Release|Any CPU
		{7C4FE403-B68A-40A0-9FAB-C2228E905D3B}.Release|x86.Build.0 = Release|Any CPU
		{DE13819A-F195-4346-9AAF-11C913734129}.Debug|Any CPU.ActiveCfg = Debug|Any CPU
		{DE13819A-F195-4346-9AAF-11C913734129}.Debug|Any CPU.Build.0 = Debug|Any CPU
		{DE13819A-F195-4346-9AAF-11C913734129}.Debug|x64.ActiveCfg = Debug|Any CPU
		{DE13819A-F195-4346-9AAF-11C913734129}.Debug|x64.Build.0 = Debug|Any CPU
		{DE13819A-F195-4346-9AAF-11C913734129}.Debug|x86.ActiveCfg = Debug|Any CPU
		{DE13819A-F195-4346-9AAF-11C913734129}.Debug|x86.Build.0 = Debug|Any CPU
		{DE13819A-F195-4346-9AAF-11C913734129}.Release|Any CPU.ActiveCfg = Release|Any CPU
		{DE13819A-F195-4346-9AAF-11C913734129}.Release|Any CPU.Build.0 = Release|Any CPU
		{DE13819A-F195-4346-9AAF-11C913734129}.Release|x64.ActiveCfg = Release|Any CPU
		{DE13819A-F195-4346-9AAF-11C913734129}.Release|x64.Build.0 = Release|Any CPU
		{DE13819A-F195-4346-9AAF-11C913734129}.Release|x86.ActiveCfg = Release|Any CPU
		{DE13819A-F195-4346-9AAF-11C913734129}.Release|x86.Build.0 = Release|Any CPU
	EndGlobalSection
	GlobalSection(SolutionProperties) = preSolution
		HideSolutionNode = FALSE
	EndGlobalSection
	GlobalSection(ExtensibilityGlobals) = postSolution
		SolutionGuid = {FC943EBB-6F14-40DB-AAB4-5F99C1F94A36}
	EndGlobalSection
EndGlobal
